// !$*UTF8*$!
{
	archiveVersion = 1;
	classes = {
	};
	objectVersion = 56;
	objects = {

/* Begin PBXBuildFile section */
		A6447D982B04AE5600AF17F9 /* Project_SwiftApp.swift in Sources */ = {isa = PBXBuildFile; fileRef = A6447D972B04AE5600AF17F9 /* Project_SwiftApp.swift */; };
		A6447D9A2B04AE5600AF17F9 /* ContentView.swift in Sources */ = {isa = PBXBuildFile; fileRef = A6447D992B04AE5600AF17F9 /* ContentView.swift */; };
		A6447D9C2B04AE5800AF17F9 /* Assets.xcassets in Resources */ = {isa = PBXBuildFile; fileRef = A6447D9B2B04AE5800AF17F9 /* Assets.xcassets */; };
		A6447DA02B04AE5800AF17F9 /* Preview Assets.xcassets in Resources */ = {isa = PBXBuildFile; fileRef = A6447D9F2B04AE5800AF17F9 /* Preview Assets.xcassets */; };
		A6447DAA2B04AE5800AF17F9 /* Project_SwiftTests.swift in Sources */ = {isa = PBXBuildFile; fileRef = A6447DA92B04AE5800AF17F9 /* Project_SwiftTests.swift */; };
		A6447DB42B04AE5800AF17F9 /* Project_SwiftUITests.swift in Sources */ = {isa = PBXBuildFile; fileRef = A6447DB32B04AE5800AF17F9 /* Project_SwiftUITests.swift */; };
		A6447DB62B04AE5800AF17F9 /* Project_SwiftUITestsLaunchTests.swift in Sources */ = {isa = PBXBuildFile; fileRef = A6447DB52B04AE5800AF17F9 /* Project_SwiftUITestsLaunchTests.swift */; };
/* End PBXBuildFile section */

/* Begin PBXContainerItemProxy section */
		A6447DA62B04AE5800AF17F9 /* PBXContainerItemProxy */ = {
			isa = PBXContainerItemProxy;
			containerPortal = A6447D8C2B04AE5600AF17F9 /* Project object */;
			proxyType = 1;
			remoteGlobalIDString = A6447D932B04AE5600AF17F9;
			remoteInfo = "Project Swift";
		};
		A6447DB02B04AE5800AF17F9 /* PBXContainerItemProxy */ = {
			isa = PBXContainerItemProxy;
			containerPortal = A6447D8C2B04AE5600AF17F9 /* Project object */;
			proxyType = 1;
			remoteGlobalIDString = A6447D932B04AE5600AF17F9;
			remoteInfo = "Project Swift";
		};
/* End PBXContainerItemProxy section */

/* Begin PBXFileReference section */
		A6447D942B04AE5600AF17F9 /* Project Swift.app */ = {isa = PBXFileReference; explicitFileType = wrapper.application; includeInIndex = 0; path = "Project Swift.app"; sourceTree = BUILT_PRODUCTS_DIR; };
		A6447D972B04AE5600AF17F9 /* Project_SwiftApp.swift */ = {isa = PBXFileReference; lastKnownFileType = sourcecode.swift; path = Project_SwiftApp.swift; sourceTree = "<group>"; };
		A6447D992B04AE5600AF17F9 /* ContentView.swift */ = {isa = PBXFileReference; lastKnownFileType = sourcecode.swift; path = ContentView.swift; sourceTree = "<group>"; };
		A6447D9B2B04AE5800AF17F9 /* Assets.xcassets */ = {isa = PBXFileReference; lastKnownFileType = folder.assetcatalog; path = Assets.xcassets; sourceTree = "<group>"; };
		A6447D9D2B04AE5800AF17F9 /* Project_Swift.entitlements */ = {isa = PBXFileReference; lastKnownFileType = text.plist.entitlements; path = Project_Swift.entitlements; sourceTree = "<group>"; };
		A6447D9F2B04AE5800AF17F9 /* Preview Assets.xcassets */ = {isa = PBXFileReference; lastKnownFileType = folder.assetcatalog; path = "Preview Assets.xcassets"; sourceTree = "<group>"; };
		A6447DA52B04AE5800AF17F9 /* Project SwiftTests.xctest */ = {isa = PBXFileReference; explicitFileType = wrapper.cfbundle; includeInIndex = 0; path = "Project SwiftTests.xctest"; sourceTree = BUILT_PRODUCTS_DIR; };
		A6447DA92B04AE5800AF17F9 /* Project_SwiftTests.swift */ = {isa = PBXFileReference; lastKnownFileType = sourcecode.swift; path = Project_SwiftTests.swift; sourceTree = "<group>"; };
		A6447DAF2B04AE5800AF17F9 /* Project SwiftUITests.xctest */ = {isa = PBXFileReference; explicitFileType = wrapper.cfbundle; includeInIndex = 0; path = "Project SwiftUITests.xctest"; sourceTree = BUILT_PRODUCTS_DIR; };
		A6447DB32B04AE5800AF17F9 /* Project_SwiftUITests.swift */ = {isa = PBXFileReference; lastKnownFileType = sourcecode.swift; path = Project_SwiftUITests.swift; sourceTree = "<group>"; };
		A6447DB52B04AE5800AF17F9 /* Project_SwiftUITestsLaunchTests.swift */ = {isa = PBXFileReference; lastKnownFileType = sourcecode.swift; path = Project_SwiftUITestsLaunchTests.swift; sourceTree = "<group>"; };
/* End PBXFileReference section */

/* Begin PBXFrameworksBuildPhase section */
		A6447D912B04AE5600AF17F9 /* Frameworks */ = {
			isa = PBXFrameworksBuildPhase;
			buildActionMask = 2147483647;
			files = (
			);
			runOnlyForDeploymentPostprocessing = 0;
		};
		A6447DA22B04AE5800AF17F9 /* Frameworks */ = {
			isa = PBXFrameworksBuildPhase;
			buildActionMask = 2147483647;
			files = (
			);
			runOnlyForDeploymentPostprocessing = 0;
		};
		A6447DAC2B04AE5800AF17F9 /* Frameworks */ = {
			isa = PBXFrameworksBuildPhase;
			buildActionMask = 2147483647;
			files = (
			);
			runOnlyForDeploymentPostprocessing = 0;
		};
/* End PBXFrameworksBuildPhase section */

/* Begin PBXGroup section */
		A6447D8B2B04AE5600AF17F9 = {
			isa = PBXGroup;
			children = (
				A6447D962B04AE5600AF17F9 /* Project Swift */,
				A6447DA82B04AE5800AF17F9 /* Project SwiftTests */,
				A6447DB22B04AE5800AF17F9 /* Project SwiftUITests */,
				A6447D952B04AE5600AF17F9 /* Products */,
			);
			sourceTree = "<group>";
		};
		A6447D952B04AE5600AF17F9 /* Products */ = {
			isa = PBXGroup;
			children = (
				A6447D942B04AE5600AF17F9 /* Project Swift.app */,
				A6447DA52B04AE5800AF17F9 /* Project SwiftTests.xctest */,
				A6447DAF2B04AE5800AF17F9 /* Project SwiftUITests.xctest */,
			);
			name = Products;
			sourceTree = "<group>";
		};
		A6447D962B04AE5600AF17F9 /* Project Swift */ = {
			isa = PBXGroup;
			children = (
				A6447D972B04AE5600AF17F9 /* Project_SwiftApp.swift */,
				A6447D992B04AE5600AF17F9 /* ContentView.swift */,
				A6447D9B2B04AE5800AF17F9 /* Assets.xcassets */,
				A6447D9D2B04AE5800AF17F9 /* Project_Swift.entitlements */,
				A6447D9E2B04AE5800AF17F9 /* Preview Content */,
			);
			path = "Project Swift";
			sourceTree = "<group>";
		};
		A6447D9E2B04AE5800AF17F9 /* Preview Content */ = {
			isa = PBXGroup;
			children = (
				A6447D9F2B04AE5800AF17F9 /* Preview Assets.xcassets */,
			);
			path = "Preview Content";
			sourceTree = "<group>";
		};
		A6447DA82B04AE5800AF17F9 /* Project SwiftTests */ = {
			isa = PBXGroup;
			children = (
				A6447DA92B04AE5800AF17F9 /* Project_SwiftTests.swift */,
			);
			path = "Project SwiftTests";
			sourceTree = "<group>";
		};
		A6447DB22B04AE5800AF17F9 /* Project SwiftUITests */ = {
			isa = PBXGroup;
			children = (
				A6447DB32B04AE5800AF17F9 /* Project_SwiftUITests.swift */,
				A6447DB52B04AE5800AF17F9 /* Project_SwiftUITestsLaunchTests.swift */,
			);
			path = "Project SwiftUITests";
			sourceTree = "<group>";
		};
/* End PBXGroup section */

/* Begin PBXNativeTarget section */
		A6447D932B04AE5600AF17F9 /* Project Swift */ = {
			isa = PBXNativeTarget;
			buildConfigurationList = A6447DB92B04AE5800AF17F9 /* Build configuration list for PBXNativeTarget "Project Swift" */;
			buildPhases = (
				A6447D902B04AE5600AF17F9 /* Sources */,
				A6447D912B04AE5600AF17F9 /* Frameworks */,
				A6447D922B04AE5600AF17F9 /* Resources */,
			);
			buildRules = (
			);
			dependencies = (
			);
			name = "Project Swift";
			productName = "Project Swift";
			productReference = A6447D942B04AE5600AF17F9 /* Project Swift.app */;
			productType = "com.apple.product-type.application";
		};
		A6447DA42B04AE5800AF17F9 /* Project SwiftTests */ = {
			isa = PBXNativeTarget;
			buildConfigurationList = A6447DBC2B04AE5800AF17F9 /* Build configuration list for PBXNativeTarget "Project SwiftTests" */;
			buildPhases = (
				A6447DA12B04AE5800AF17F9 /* Sources */,
				A6447DA22B04AE5800AF17F9 /* Frameworks */,
				A6447DA32B04AE5800AF17F9 /* Resources */,
			);
			buildRules = (
			);
			dependencies = (
				A6447DA72B04AE5800AF17F9 /* PBXTargetDependency */,
			);
			name = "Project SwiftTests";
			productName = "Project SwiftTests";
			productReference = A6447DA52B04AE5800AF17F9 /* Project SwiftTests.xctest */;
			productType = "com.apple.product-type.bundle.unit-test";
		};
		A6447DAE2B04AE5800AF17F9 /* Project SwiftUITests */ = {
			isa = PBXNativeTarget;
			buildConfigurationList = A6447DBF2B04AE5800AF17F9 /* Build configuration list for PBXNativeTarget "Project SwiftUITests" */;
			buildPhases = (
				A6447DAB2B04AE5800AF17F9 /* Sources */,
				A6447DAC2B04AE5800AF17F9 /* Frameworks */,
				A6447DAD2B04AE5800AF17F9 /* Resources */,
			);
			buildRules = (
			);
			dependencies = (
				A6447DB12B04AE5800AF17F9 /* PBXTargetDependency */,
			);
			name = "Project SwiftUITests";
			productName = "Project SwiftUITests";
			productReference = A6447DAF2B04AE5800AF17F9 /* Project SwiftUITests.xctest */;
			productType = "com.apple.product-type.bundle.ui-testing";
		};
/* End PBXNativeTarget section */

/* Begin PBXProject section */
		A6447D8C2B04AE5600AF17F9 /* Project object */ = {
			isa = PBXProject;
			attributes = {
				BuildIndependentTargetsInParallel = 1;
				LastSwiftUpdateCheck = 1500;
				LastUpgradeCheck = 1500;
				TargetAttributes = {
					A6447D932B04AE5600AF17F9 = {
						CreatedOnToolsVersion = 15.0.1;
					};
					A6447DA42B04AE5800AF17F9 = {
						CreatedOnToolsVersion = 15.0.1;
						TestTargetID = A6447D932B04AE5600AF17F9;
					};
					A6447DAE2B04AE5800AF17F9 = {
						CreatedOnToolsVersion = 15.0.1;
						TestTargetID = A6447D932B04AE5600AF17F9;
					};
				};
			};
			buildConfigurationList = A6447D8F2B04AE5600AF17F9 /* Build configuration list for PBXProject "Project Swift" */;
			compatibilityVersion = "Xcode 14.0";
			developmentRegion = en;
			hasScannedForEncodings = 0;
			knownRegions = (
				en,
				Base,
			);
			mainGroup = A6447D8B2B04AE5600AF17F9;
			productRefGroup = A6447D952B04AE5600AF17F9 /* Products */;
			projectDirPath = "";
			projectRoot = "";
			targets = (
				A6447D932B04AE5600AF17F9 /* Project Swift */,
				A6447DA42B04AE5800AF17F9 /* Project SwiftTests */,
				A6447DAE2B04AE5800AF17F9 /* Project SwiftUITests */,
			);
		};
/* End PBXProject section */

/* Begin PBXResourcesBuildPhase section */
		A6447D922B04AE5600AF17F9 /* Resources */ = {
			isa = PBXResourcesBuildPhase;
			buildActionMask = 2147483647;
			files = (
				A6447DA02B04AE5800AF17F9 /* Preview Assets.xcassets in Resources */,
				A6447D9C2B04AE5800AF17F9 /* Assets.xcassets in Resources */,
			);
			runOnlyForDeploymentPostprocessing = 0;
		};
		A6447DA32B04AE5800AF17F9 /* Resources */ = {
			isa = PBXResourcesBuildPhase;
			buildActionMask = 2147483647;
			files = (
			);
			runOnlyForDeploymentPostprocessing = 0;
		};
		A6447DAD2B04AE5800AF17F9 /* Resources */ = {
			isa = PBXResourcesBuildPhase;
			buildActionMask = 2147483647;
			files = (
			);
			runOnlyForDeploymentPostprocessing = 0;
		};
/* End PBXResourcesBuildPhase section */

/* Begin PBXSourcesBuildPhase section */
		A6447D902B04AE5600AF17F9 /* Sources */ = {
			isa = PBXSourcesBuildPhase;
			buildActionMask = 2147483647;
			files = (
				A6447D9A2B04AE5600AF17F9 /* ContentView.swift in Sources */,
				A6447D982B04AE5600AF17F9 /* Project_SwiftApp.swift in Sources */,
			);
			runOnlyForDeploymentPostprocessing = 0;
		};
		A6447DA12B04AE5800AF17F9 /* Sources */ = {
			isa = PBXSourcesBuildPhase;
			buildActionMask = 2147483647;
			files = (
				A6447DAA2B04AE5800AF17F9 /* Project_SwiftTests.swift in Sources */,
			);
			runOnlyForDeploymentPostprocessing = 0;
		};
		A6447DAB2B04AE5800AF17F9 /* Sources */ = {
			isa = PBXSourcesBuildPhase;
			buildActionMask = 2147483647;
			files = (
				A6447DB62B04AE5800AF17F9 /* Project_SwiftUITestsLaunchTests.swift in Sources */,
				A6447DB42B04AE5800AF17F9 /* Project_SwiftUITests.swift in Sources */,
			);
			runOnlyForDeploymentPostprocessing = 0;
		};
/* End PBXSourcesBuildPhase section */

/* Begin PBXTargetDependency section */
		A6447DA72B04AE5800AF17F9 /* PBXTargetDependency */ = {
			isa = PBXTargetDependency;
			target = A6447D932B04AE5600AF17F9 /* Project Swift */;
			targetProxy = A6447DA62B04AE5800AF17F9 /* PBXContainerItemProxy */;
		};
		A6447DB12B04AE5800AF17F9 /* PBXTargetDependency */ = {
			isa = PBXTargetDependency;
			target = A6447D932B04AE5600AF17F9 /* Project Swift */;
			targetProxy = A6447DB02B04AE5800AF17F9 /* PBXContainerItemProxy */;
		};
/* End PBXTargetDependency section */

/* Begin XCBuildConfiguration section */
		A6447DB72B04AE5800AF17F9 /* Debug */ = {
			isa = XCBuildConfiguration;
			buildSettings = {
				ALWAYS_SEARCH_USER_PATHS = NO;
				ASSETCATALOG_COMPILER_GENERATE_SWIFT_ASSET_SYMBOL_EXTENSIONS = YES;
				CLANG_ANALYZER_NONNULL = YES;
				CLANG_ANALYZER_NUMBER_OBJECT_CONVERSION = YES_AGGRESSIVE;
				CLANG_CXX_LANGUAGE_STANDARD = "gnu++20";
				CLANG_ENABLE_MODULES = YES;
				CLANG_ENABLE_OBJC_ARC = YES;
				CLANG_ENABLE_OBJC_WEAK = YES;
				CLANG_WARN_BLOCK_CAPTURE_AUTORELEASING = YES;
				CLANG_WARN_BOOL_CONVERSION = YES;
				CLANG_WARN_COMMA = YES;
				CLANG_WARN_CONSTANT_CONVERSION = YES;
				CLANG_WARN_DEPRECATED_OBJC_IMPLEMENTATIONS = YES;
				CLANG_WARN_DIRECT_OBJC_ISA_USAGE = YES_ERROR;
				CLANG_WARN_DOCUMENTATION_COMMENTS = YES;
				CLANG_WARN_EMPTY_BODY = YES;
				CLANG_WARN_ENUM_CONVERSION = YES;
				CLANG_WARN_INFINITE_RECURSION = YES;
				CLANG_WARN_INT_CONVERSION = YES;
				CLANG_WARN_NON_LITERAL_NULL_CONVERSION = YES;
				CLANG_WARN_OBJC_IMPLICIT_RETAIN_SELF = YES;
				CLANG_WARN_OBJC_LITERAL_CONVERSION = YES;
				CLANG_WARN_OBJC_ROOT_CLASS = YES_ERROR;
				CLANG_WARN_QUOTED_INCLUDE_IN_FRAMEWORK_HEADER = YES;
				CLANG_WARN_RANGE_LOOP_ANALYSIS = YES;
				CLANG_WARN_STRICT_PROTOTYPES = YES;
				CLANG_WARN_SUSPICIOUS_MOVE = YES;
				CLANG_WARN_UNGUARDED_AVAILABILITY = YES_AGGRESSIVE;
				CLANG_WARN_UNREACHABLE_CODE = YES;
				CLANG_WARN__DUPLICATE_METHOD_MATCH = YES;
				COPY_PHASE_STRIP = NO;
				DEBUG_INFORMATION_FORMAT = dwarf;
				ENABLE_STRICT_OBJC_MSGSEND = YES;
				ENABLE_TESTABILITY = YES;
				ENABLE_USER_SCRIPT_SANDBOXING = YES;
				GCC_C_LANGUAGE_STANDARD = gnu17;
				GCC_DYNAMIC_NO_PIC = NO;
				GCC_NO_COMMON_BLOCKS = YES;
				GCC_OPTIMIZATION_LEVEL = 0;
				GCC_PREPROCESSOR_DEFINITIONS = (
					"DEBUG=1",
					"$(inherited)",
				);
				GCC_WARN_64_TO_32_BIT_CONVERSION = YES;
				GCC_WARN_ABOUT_RETURN_TYPE = YES_ERROR;
				GCC_WARN_UNDECLARED_SELECTOR = YES;
				GCC_WARN_UNINITIALIZED_AUTOS = YES_AGGRESSIVE;
				GCC_WARN_UNUSED_FUNCTION = YES;
				GCC_WARN_UNUSED_VARIABLE = YES;
				LOCALIZATION_PREFERS_STRING_CATALOGS = YES;
				MTL_ENABLE_DEBUG_INFO = INCLUDE_SOURCE;
				MTL_FAST_MATH = YES;
				ONLY_ACTIVE_ARCH = YES;
				SWIFT_ACTIVE_COMPILATION_CONDITIONS = "DEBUG $(inherited)";
				SWIFT_OPTIMIZATION_LEVEL = "-Onone";
			};
			name = Debug;
		};
		A6447DB82B04AE5800AF17F9 /* Release */ = {
			isa = XCBuildConfiguration;
			buildSettings = {
				ALWAYS_SEARCH_USER_PATHS = NO;
				ASSETCATALOG_COMPILER_GENERATE_SWIFT_ASSET_SYMBOL_EXTENSIONS = YES;
				CLANG_ANALYZER_NONNULL = YES;
				CLANG_ANALYZER_NUMBER_OBJECT_CONVERSION = YES_AGGRESSIVE;
				CLANG_CXX_LANGUAGE_STANDARD = "gnu++20";
				CLANG_ENABLE_MODULES = YES;
				CLANG_ENABLE_OBJC_ARC = YES;
				CLANG_ENABLE_OBJC_WEAK = YES;
				CLANG_WARN_BLOCK_CAPTURE_AUTORELEASING = YES;
				CLANG_WARN_BOOL_CONVERSION = YES;
				CLANG_WARN_COMMA = YES;
				CLANG_WARN_CONSTANT_CONVERSION = YES;
				CLANG_WARN_DEPRECATED_OBJC_IMPLEMENTATIONS = YES;
				CLANG_WARN_DIRECT_OBJC_ISA_USAGE = YES_ERROR;
				CLANG_WARN_DOCUMENTATION_COMMENTS = YES;
				CLANG_WARN_EMPTY_BODY = YES;
				CLANG_WARN_ENUM_CONVERSION = YES;
				CLANG_WARN_INFINITE_RECURSION = YES;
				CLANG_WARN_INT_CONVERSION = YES;
				CLANG_WARN_NON_LITERAL_NULL_CONVERSION = YES;
				CLANG_WARN_OBJC_IMPLICIT_RETAIN_SELF = YES;
				CLANG_WARN_OBJC_LITERAL_CONVERSION = YES;
				CLANG_WARN_OBJC_ROOT_CLASS = YES_ERROR;
				CLANG_WARN_QUOTED_INCLUDE_IN_FRAMEWORK_HEADER = YES;
				CLANG_WARN_RANGE_LOOP_ANALYSIS = YES;
				CLANG_WARN_STRICT_PROTOTYPES = YES;
				CLANG_WARN_SUSPICIOUS_MOVE = YES;
				CLANG_WARN_UNGUARDED_AVAILABILITY = YES_AGGRESSIVE;
				CLANG_WARN_UNREACHABLE_CODE = YES;
				CLANG_WARN__DUPLICATE_METHOD_MATCH = YES;
				COPY_PHASE_STRIP = NO;
				DEBUG_INFORMATION_FORMAT = "dwarf-with-dsym";
				ENABLE_NS_ASSERTIONS = NO;
				ENABLE_STRICT_OBJC_MSGSEND = YES;
				ENABLE_USER_SCRIPT_SANDBOXING = YES;
				GCC_C_LANGUAGE_STANDARD = gnu17;
				GCC_NO_COMMON_BLOCKS = YES;
				GCC_WARN_64_TO_32_BIT_CONVERSION = YES;
				GCC_WARN_ABOUT_RETURN_TYPE = YES_ERROR;
				GCC_WARN_UNDECLARED_SELECTOR = YES;
				GCC_WARN_UNINITIALIZED_AUTOS = YES_AGGRESSIVE;
				GCC_WARN_UNUSED_FUNCTION = YES;
				GCC_WARN_UNUSED_VARIABLE = YES;
				LOCALIZATION_PREFERS_STRING_CATALOGS = YES;
				MTL_ENABLE_DEBUG_INFO = NO;
				MTL_FAST_MATH = YES;
				SWIFT_COMPILATION_MODE = wholemodule;
			};
			name = Release;
		};
		A6447DBA2B04AE5800AF17F9 /* Debug */ = {
			isa = XCBuildConfiguration;
			buildSettings = {
				ASSETCATALOG_COMPILER_APPICON_NAME = AppIcon;
				ASSETCATALOG_COMPILER_GLOBAL_ACCENT_COLOR_NAME = AccentColor;
				CODE_SIGN_ENTITLEMENTS = "Project Swift/Project_Swift.entitlements";
				CODE_SIGN_STYLE = Automatic;
				CURRENT_PROJECT_VERSION = 1;
				DEVELOPMENT_ASSET_PATHS = "\"Project Swift/Preview Content\"";
				DEVELOPMENT_TEAM = 38Z8G8U4HD;
				ENABLE_HARDENED_RUNTIME = YES;
				ENABLE_PREVIEWS = YES;
				GENERATE_INFOPLIST_FILE = YES;
				"INFOPLIST_KEY_UIApplicationSceneManifest_Generation[sdk=iphoneos*]" = YES;
				"INFOPLIST_KEY_UIApplicationSceneManifest_Generation[sdk=iphonesimulator*]" = YES;
				"INFOPLIST_KEY_UIApplicationSupportsIndirectInputEvents[sdk=iphoneos*]" = YES;
				"INFOPLIST_KEY_UIApplicationSupportsIndirectInputEvents[sdk=iphonesimulator*]" = YES;
				"INFOPLIST_KEY_UILaunchScreen_Generation[sdk=iphoneos*]" = YES;
				"INFOPLIST_KEY_UILaunchScreen_Generation[sdk=iphonesimulator*]" = YES;
				"INFOPLIST_KEY_UIStatusBarStyle[sdk=iphoneos*]" = UIStatusBarStyleDefault;
				"INFOPLIST_KEY_UIStatusBarStyle[sdk=iphonesimulator*]" = UIStatusBarStyleDefault;
				INFOPLIST_KEY_UISupportedInterfaceOrientations_iPad = "UIInterfaceOrientationPortrait UIInterfaceOrientationPortraitUpsideDown UIInterfaceOrientationLandscapeLeft UIInterfaceOrientationLandscapeRight";
				INFOPLIST_KEY_UISupportedInterfaceOrientations_iPhone = "UIInterfaceOrientationPortrait UIInterfaceOrientationLandscapeLeft UIInterfaceOrientationLandscapeRight";
				IPHONEOS_DEPLOYMENT_TARGET = 17.0;
				LD_RUNPATH_SEARCH_PATHS = "@executable_path/Frameworks";
				"LD_RUNPATH_SEARCH_PATHS[sdk=macosx*]" = "@executable_path/../Frameworks";
				MACOSX_DEPLOYMENT_TARGET = 14.0;
				MARKETING_VERSION = 1.0;
				PRODUCT_BUNDLE_IDENTIFIER = "JRTech.Project-Swift";
				PRODUCT_NAME = "$(TARGET_NAME)";
				SDKROOT = auto;
				SUPPORTED_PLATFORMS = "iphoneos iphonesimulator macosx";
				SWIFT_EMIT_LOC_STRINGS = YES;
				SWIFT_VERSION = 5.0;
				TARGETED_DEVICE_FAMILY = "1,2";
			};
			name = Debug;
		};
		A6447DBB2B04AE5800AF17F9 /* Release */ = {
			isa = XCBuildConfiguration;
			buildSettings = {
				ASSETCATALOG_COMPILER_APPICON_NAME = AppIcon;
				ASSETCATALOG_COMPILER_GLOBAL_ACCENT_COLOR_NAME = AccentColor;
				CODE_SIGN_ENTITLEMENTS = "Project Swift/Project_Swift.entitlements";
				CODE_SIGN_STYLE = Automatic;
				CURRENT_PROJECT_VERSION = 1;
				DEVELOPMENT_ASSET_PATHS = "\"Project Swift/Preview Content\"";
				DEVELOPMENT_TEAM = 38Z8G8U4HD;
				ENABLE_HARDENED_RUNTIME = YES;
				ENABLE_PREVIEWS = YES;
				GENERATE_INFOPLIST_FILE = YES;
				"INFOPLIST_KEY_UIApplicationSceneManifest_Generation[sdk=iphoneos*]" = YES;
				"INFOPLIST_KEY_UIApplicationSceneManifest_Generation[sdk=iphonesimulator*]" = YES;
				"INFOPLIST_KEY_UIApplicationSupportsIndirectInputEvents[sdk=iphoneos*]" = YES;
				"INFOPLIST_KEY_UIApplicationSupportsIndirectInputEvents[sdk=iphonesimulator*]" = YES;
				"INFOPLIST_KEY_UILaunchScreen_Generation[sdk=iphoneos*]" = YES;
				"INFOPLIST_KEY_UILaunchScreen_Generation[sdk=iphonesimulator*]" = YES;
				"INFOPLIST_KEY_UIStatusBarStyle[sdk=iphoneos*]" = UIStatusBarStyleDefault;
				"INFOPLIST_KEY_UIStatusBarStyle[sdk=iphonesimulator*]" = UIStatusBarStyleDefault;
				INFOPLIST_KEY_UISupportedInterfaceOrientations_iPad = "UIInterfaceOrientationPortrait UIInterfaceOrientationPortraitUpsideDown UIInterfaceOrientationLandscapeLeft UIInterfaceOrientationLandscapeRight";
				INFOPLIST_KEY_UISupportedInterfaceOrientations_iPhone = "UIInterfaceOrientationPortrait UIInterfaceOrientationLandscapeLeft UIInterfaceOrientationLandscapeRight";
				IPHONEOS_DEPLOYMENT_TARGET = 17.0;
				LD_RUNPATH_SEARCH_PATHS = "@executable_path/Frameworks";
				"LD_RUNPATH_SEARCH_PATHS[sdk=macosx*]" = "@executable_path/../Frameworks";
				MACOSX_DEPLOYMENT_TARGET = 14.0;
				MARKETING_VERSION = 1.0;
				PRODUCT_BUNDLE_IDENTIFIER = "JRTech.Project-Swift";
				PRODUCT_NAME = "$(TARGET_NAME)";
				SDKROOT = auto;
				SUPPORTED_PLATFORMS = "iphoneos iphonesimulator macosx";
				SWIFT_EMIT_LOC_STRINGS = YES;
				SWIFT_VERSION = 5.0;
				TARGETED_DEVICE_FAMILY = "1,2";
			};
			name = Release;
		};
		A6447DBD2B04AE5800AF17F9 /* Debug */ = {
			isa = XCBuildConfiguration;
			buildSettings = {
				ALWAYS_EMBED_SWIFT_STANDARD_LIBRARIES = YES;
				BUNDLE_LOADER = "$(TEST_HOST)";
				CODE_SIGN_STYLE = Automatic;
				CURRENT_PROJECT_VERSION = 1;
				DEVELOPMENT_TEAM = 38Z8G8U4HD;
				GENERATE_INFOPLIST_FILE = YES;
				IPHONEOS_DEPLOYMENT_TARGET = 17.0;
				MACOSX_DEPLOYMENT_TARGET = 14.0;
				MARKETING_VERSION = 1.0;
				PRODUCT_BUNDLE_IDENTIFIER = "JRTech.Project-SwiftTests";
				PRODUCT_NAME = "$(TARGET_NAME)";
				SDKROOT = auto;
				SUPPORTED_PLATFORMS = "iphoneos iphonesimulator macosx";
				SWIFT_EMIT_LOC_STRINGS = NO;
				SWIFT_VERSION = 5.0;
				TARGETED_DEVICE_FAMILY = "1,2";
				TEST_HOST = "$(BUILT_PRODUCTS_DIR)/Project Swift.app/$(BUNDLE_EXECUTABLE_FOLDER_PATH)/Project Swift";
			};
			name = Debug;
		};
		A6447DBE2B04AE5800AF17F9 /* Release */ = {
			isa = XCBuildConfiguration;
			buildSettings = {
				ALWAYS_EMBED_SWIFT_STANDARD_LIBRARIES = YES;
				BUNDLE_LOADER = "$(TEST_HOST)";
				CODE_SIGN_STYLE = Automatic;
				CURRENT_PROJECT_VERSION = 1;
				DEVELOPMENT_TEAM = 38Z8G8U4HD;
				GENERATE_INFOPLIST_FILE = YES;
				IPHONEOS_DEPLOYMENT_TARGET = 17.0;
				MACOSX_DEPLOYMENT_TARGET = 14.0;
				MARKETING_VERSION = 1.0;
				PRODUCT_BUNDLE_IDENTIFIER = "JRTech.Project-SwiftTests";
				PRODUCT_NAME = "$(TARGET_NAME)";
				SDKROOT = auto;
				SUPPORTED_PLATFORMS = "iphoneos iphonesimulator macosx";
				SWIFT_EMIT_LOC_STRINGS = NO;
				SWIFT_VERSION = 5.0;
				TARGETED_DEVICE_FAMILY = "1,2";
				TEST_HOST = "$(BUILT_PRODUCTS_DIR)/Project Swift.app/$(BUNDLE_EXECUTABLE_FOLDER_PATH)/Project Swift";
			};
			name = Release;
		};
		A6447DC02B04AE5800AF17F9 /* Debug */ = {
			isa = XCBuildConfiguration;
			buildSettings = {
				ALWAYS_EMBED_SWIFT_STANDARD_LIBRARIES = YES;
				CODE_SIGN_STYLE = Automatic;
				CURRENT_PROJECT_VERSION = 1;
				DEVELOPMENT_TEAM = 38Z8G8U4HD;
				GENERATE_INFOPLIST_FILE = YES;
				IPHONEOS_DEPLOYMENT_TARGET = 17.0;
				MACOSX_DEPLOYMENT_TARGET = 14.0;
				MARKETING_VERSION = 1.0;
				PRODUCT_BUNDLE_IDENTIFIER = "JRTech.Project-SwiftUITests";
				PRODUCT_NAME = "$(TARGET_NAME)";
				SDKROOT = auto;
				SUPPORTED_PLATFORMS = "iphoneos iphonesimulator macosx";
				SWIFT_EMIT_LOC_STRINGS = NO;
				SWIFT_VERSION = 5.0;
				TARGETED_DEVICE_FAMILY = "1,2";
				TEST_TARGET_NAME = "Project Swift";
			};
			name = Debug;
		};
		A6447DC12B04AE5800AF17F9 /* Release */ = {
			isa = XCBuildConfiguration;
			buildSettings = {
				ALWAYS_EMBED_SWIFT_STANDARD_LIBRARIES = YES;
				CODE_SIGN_STYLE = Automatic;
				CURRENT_PROJECT_VERSION = 1;
				DEVELOPMENT_TEAM = 38Z8G8U4HD;
				GENERATE_INFOPLIST_FILE = YES;
				IPHONEOS_DEPLOYMENT_TARGET = 17.0;
				MACOSX_DEPLOYMENT_TARGET = 14.0;
				MARKETING_VERSION = 1.0;
				PRODUCT_BUNDLE_IDENTIFIER = "JRTech.Project-SwiftUITests";
				PRODUCT_NAME = "$(TARGET_NAME)";
				SDKROOT = auto;
				SUPPORTED_PLATFORMS = "iphoneos iphonesimulator macosx";
				SWIFT_EMIT_LOC_STRINGS = NO;
				SWIFT_VERSION = 5.0;
				TARGETED_DEVICE_FAMILY = "1,2";
				TEST_TARGET_NAME = "Project Swift";
			};
			name = Release;
		};
/* End XCBuildConfiguration section */

/* Begin XCConfigurationList section */
		A6447D8F2B04AE5600AF17F9 /* Build configuration list for PBXProject "Project Swift" */ = {
			isa = XCConfigurationList;
			buildConfigurations = (
				A6447DB72B04AE5800AF17F9 /* Debug */,
				A6447DB82B04AE5800AF17F9 /* Release */,
			);
			defaultConfigurationIsVisible = 0;
			defaultConfigurationName = Release;
		};
		A6447DB92B04AE5800AF17F9 /* Build configuration list for PBXNativeTarget "Project Swift" */ = {
			isa = XCConfigurationList;
			buildConfigurations = (
				A6447DBA2B04AE5800AF17F9 /* Debug */,
				A6447DBB2B04AE5800AF17F9 /* Release */,
			);
			defaultConfigurationIsVisible = 0;
			defaultConfigurationName = Release;
		};
		A6447DBC2B04AE5800AF17F9 /* Build configuration list for PBXNativeTarget "Project SwiftTests" */ = {
			isa = XCConfigurationList;
			buildConfigurations = (
				A6447DBD2B04AE5800AF17F9 /* Debug */,
				A6447DBE2B04AE5800AF17F9 /* Release */,
			);
			defaultConfigurationIsVisible = 0;
			defaultConfigurationName = Release;
		};
		A6447DBF2B04AE5800AF17F9 /* Build configuration list for PBXNativeTarget "Project SwiftUITests" */ = {
			isa = XCConfigurationList;
			buildConfigurations = (
				A6447DC02B04AE5800AF17F9 /* Debug */,
				A6447DC12B04AE5800AF17F9 /* Release */,
			);
			defaultConfigurationIsVisible = 0;
			defaultConfigurationName = Release;
		};
/* End XCConfigurationList section */
	};
	rootObject = A6447D8C2B04AE5600AF17F9 /* Project object */;
}
